// !$*UTF8*$!
{
	archiveVersion = 1;
	classes = {
	};
	objectVersion = 48;
	objects = {

/* Begin PBXBuildFile section */
		B6EE0429203347AB009ABB82 /* AppDelegate.swift in Sources */ = {isa = PBXBuildFile; fileRef = B6EE0428203347AB009ABB82 /* AppDelegate.swift */; };
		B6EE042B203347AB009ABB82 /* ViewController.swift in Sources */ = {isa = PBXBuildFile; fileRef = B6EE042A203347AB009ABB82 /* ViewController.swift */; };
		B6EE042E203347AB009ABB82 /* Main.storyboard in Resources */ = {isa = PBXBuildFile; fileRef = B6EE042C203347AB009ABB82 /* Main.storyboard */; };
		B6EE0431203347AB009ABB82 /* timetable_iphone.xcdatamodeld in Sources */ = {isa = PBXBuildFile; fileRef = B6EE042F203347AB009ABB82 /* timetable_iphone.xcdatamodeld */; };
		B6EE0433203347AB009ABB82 /* Assets.xcassets in Resources */ = {isa = PBXBuildFile; fileRef = B6EE0432203347AB009ABB82 /* Assets.xcassets */; };
		B6EE0436203347AB009ABB82 /* LaunchScreen.storyboard in Resources */ = {isa = PBXBuildFile; fileRef = B6EE0434203347AB009ABB82 /* LaunchScreen.storyboard */; };
/* End PBXBuildFile section */

/* Begin PBXFileReference section */
		B6EE0425203347AB009ABB82 /* timetable-iphone.app */ = {isa = PBXFileReference; explicitFileType = wrapper.application; includeInIndex = 0; path = "timetable-iphone.app"; sourceTree = BUILT_PRODUCTS_DIR; };
		B6EE0428203347AB009ABB82 /* AppDelegate.swift */ = {isa = PBXFileReference; lastKnownFileType = sourcecode.swift; path = AppDelegate.swift; sourceTree = "<group>"; };
		B6EE042A203347AB009ABB82 /* ViewController.swift */ = {isa = PBXFileReference; lastKnownFileType = sourcecode.swift; path = ViewController.swift; sourceTree = "<group>"; };
		B6EE042D203347AB009ABB82 /* Base */ = {isa = PBXFileReference; lastKnownFileType = file.storyboard; name = Base; path = Base.lproj/Main.storyboard; sourceTree = "<group>"; };
		B6EE0430203347AB009ABB82 /* timetable_iphone.xcdatamodel */ = {isa = PBXFileReference; lastKnownFileType = wrapper.xcdatamodel; path = timetable_iphone.xcdatamodel; sourceTree = "<group>"; };
		B6EE0432203347AB009ABB82 /* Assets.xcassets */ = {isa = PBXFileReference; lastKnownFileType = folder.assetcatalog; path = Assets.xcassets; sourceTree = "<group>"; };
		B6EE0435203347AB009ABB82 /* Base */ = {isa = PBXFileReference; lastKnownFileType = file.storyboard; name = Base; path = Base.lproj/LaunchScreen.storyboard; sourceTree = "<group>"; };
		B6EE0437203347AB009ABB82 /* Info.plist */ = {isa = PBXFileReference; lastKnownFileType = text.plist.xml; path = Info.plist; sourceTree = "<group>"; };
/* End PBXFileReference section */

/* Begin PBXFrameworksBuildPhase section */
		B6EE0422203347AB009ABB82 /* Frameworks */ = {
			isa = PBXFrameworksBuildPhase;
			buildActionMask = 2147483647;
			files = (
			);
			runOnlyForDeploymentPostprocessing = 0;
		};
/* End PBXFrameworksBuildPhase section */

/* Begin PBXGroup section */
		B6EE041C203347AB009ABB82 = {
			isa = PBXGroup;
			children = (
				B6EE0427203347AB009ABB82 /* timetable-iphone */,
				B6EE0426203347AB009ABB82 /* Products */,
			);
			sourceTree = "<group>";
		};
		B6EE0426203347AB009ABB82 /* Products */ = {
			isa = PBXGroup;
			children = (
				B6EE0425203347AB009ABB82 /* timetable-iphone.app */,
			);
			name = Products;
			sourceTree = "<group>";
		};
		B6EE0427203347AB009ABB82 /* timetable-iphone */ = {
			isa = PBXGroup;
			children = (
				B6EE0428203347AB009ABB82 /* AppDelegate.swift */,
				B6EE042A203347AB009ABB82 /* ViewController.swift */,
				B6EE042C203347AB009ABB82 /* Main.storyboard */,
				B6EE0432203347AB009ABB82 /* Assets.xcassets */,
				B6EE0434203347AB009ABB82 /* LaunchScreen.storyboard */,
				B6EE0437203347AB009ABB82 /* Info.plist */,
				B6EE042F203347AB009ABB82 /* timetable_iphone.xcdatamodeld */,
			);
			path = "timetable-iphone";
			sourceTree = "<group>";
		};
/* End PBXGroup section */

/* Begin PBXNativeTarget section */
		B6EE0424203347AB009ABB82 /* timetable-iphone */ = {
			isa = PBXNativeTarget;
			buildConfigurationList = B6EE043A203347AB009ABB82 /* Build configuration list for PBXNativeTarget "timetable-iphone" */;
			buildPhases = (
				B6EE0421203347AB009ABB82 /* Sources */,
				B6EE0422203347AB009ABB82 /* Frameworks */,
				B6EE0423203347AB009ABB82 /* Resources */,
			);
			buildRules = (
			);
			dependencies = (
			);
			name = "timetable-iphone";
			productName = "timetable-iphone";
			productReference = B6EE0425203347AB009ABB82 /* timetable-iphone.app */;
			productType = "com.apple.product-type.application";
		};
/* End PBXNativeTarget section */

/* Begin PBXProject section */
		B6EE041D203347AB009ABB82 /* Project object */ = {
			isa = PBXProject;
			attributes = {
				LastSwiftUpdateCheck = 0920;
				LastUpgradeCheck = 0920;
				ORGANIZATIONNAME = "Finn Weiler";
				TargetAttributes = {
					B6EE0424203347AB009ABB82 = {
						CreatedOnToolsVersion = 9.2;
						ProvisioningStyle = Automatic;
					};
				};
			};
			buildConfigurationList = B6EE0420203347AB009ABB82 /* Build configuration list for PBXProject "timetable-iphone" */;
			compatibilityVersion = "Xcode 8.0";
			developmentRegion = en;
			hasScannedForEncodings = 0;
			knownRegions = (
				en,
				Base,
			);
			mainGroup = B6EE041C203347AB009ABB82;
			productRefGroup = B6EE0426203347AB009ABB82 /* Products */;
			projectDirPath = "";
			projectRoot = "";
			targets = (
				B6EE0424203347AB009ABB82 /* timetable-iphone */,
			);
		};
/* End PBXProject section */

/* Begin PBXResourcesBuildPhase section */
		B6EE0423203347AB009ABB82 /* Resources */ = {
			isa = PBXResourcesBuildPhase;
			buildActionMask = 2147483647;
			files = (
				B6EE0436203347AB009ABB82 /* LaunchScreen.storyboard in Resources */,
				B6EE0433203347AB009ABB82 /* Assets.xcassets in Resources */,
				B6EE042E203347AB009ABB82 /* Main.storyboard in Resources */,
			);
			runOnlyForDeploymentPostprocessing = 0;
		};
/* End PBXResourcesBuildPhase section */

/* Begin PBXSourcesBuildPhase section */
		B6EE0421203347AB009ABB82 /* Sources */ = {
			isa = PBXSourcesBuildPhase;
			buildActionMask = 2147483647;
			files = (
				B6EE0431203347AB009ABB82 /* timetable_iphone.xcdatamodeld in Sources */,
				B6EE042B203347AB009ABB82 /* ViewController.swift in Sources */,
				B6EE0429203347AB009ABB82 /* AppDelegate.swift in Sources */,
			);
			runOnlyForDeploymentPostprocessing = 0;
		};
/* End PBXSourcesBuildPhase section */

/* Begin PBXVariantGroup section */
		B6EE042C203347AB009ABB82 /* Main.storyboard */ = {
			isa = PBXVariantGroup;
			children = (
				B6EE042D203347AB009ABB82 /* Base */,
			);
			name = Main.storyboard;
			sourceTree = "<group>";
		};
		B6EE0434203347AB009ABB82 /* LaunchScreen.storyboard */ = {
			isa = PBXVariantGroup;
			children = (
				B6EE0435203347AB009ABB82 /* Base */,
			);
			name = LaunchScreen.storyboard;
			sourceTree = "<group>";
		};
/* End PBXVariantGroup section */

/* Begin XCBuildConfiguration section */
		B6EE0438203347AB009ABB82 /* Debug */ = {
			isa = XCBuildConfiguration;
			buildSettings = {
				ALWAYS_SEARCH_USER_PATHS = NO;
				CLANG_ANALYZER_NONNULL = YES;
				CLANG_ANALYZER_NUMBER_OBJECT_CONVERSION = YES_AGGRESSIVE;
				CLANG_CXX_LANGUAGE_STANDARD = "gnu++14";
				CLANG_CXX_LIBRARY = "libc++";
				CLANG_ENABLE_MODULES = YES;
				CLANG_ENABLE_OBJC_ARC = YES;
				CLANG_WARN_BLOCK_CAPTURE_AUTORELEASING = YES;
				CLANG_WARN_BOOL_CONVERSION = YES;
				CLANG_WARN_COMMA = YES;
				CLANG_WARN_CONSTANT_CONVERSION = YES;
				CLANG_WARN_DIRECT_OBJC_ISA_USAGE = YES_ERROR;
				CLANG_WARN_DOCUMENTATION_COMMENTS = YES;
				CLANG_WARN_EMPTY_BODY = YES;
				CLANG_WARN_ENUM_CONVERSION = YES;
				CLANG_WARN_INFINITE_RECURSION = YES;
				CLANG_WARN_INT_CONVERSION = YES;
				CLANG_WARN_NON_LITERAL_NULL_CONVERSION = YES;
				CLANG_WARN_OBJC_LITERAL_CONVERSION = YES;
				CLANG_WARN_OBJC_ROOT_CLASS = YES_ERROR;
				CLANG_WARN_RANGE_LOOP_ANALYSIS = YES;
				CLANG_WARN_STRICT_PROTOTYPES = YES;
				CLANG_WARN_SUSPICIOUS_MOVE = YES;
				CLANG_WARN_UNGUARDED_AVAILABILITY = YES_AGGRESSIVE;
				CLANG_WARN_UNREACHABLE_CODE = YES;
				CLANG_WARN__DUPLICATE_METHOD_MATCH = YES;
				CODE_SIGN_IDENTITY = "iPhone Developer";
				COPY_PHASE_STRIP = NO;
				DEBUG_INFORMATION_FORMAT = dwarf;
				ENABLE_STRICT_OBJC_MSGSEND = YES;
				ENABLE_TESTABILITY = YES;
				GCC_C_LANGUAGE_STANDARD = gnu11;
				GCC_DYNAMIC_NO_PIC = NO;
				GCC_NO_COMMON_BLOCKS = YES;
				GCC_OPTIMIZATION_LEVEL = 0;
				GCC_PREPROCESSOR_DEFINITIONS = (
					"DEBUG=1",
					"$(inherited)",
				);
				GCC_WARN_64_TO_32_BIT_CONVERSION = YES;
				GCC_WARN_ABOUT_RETURN_TYPE = YES_ERROR;
				GCC_WARN_UNDECLARED_SELECTOR = YES;
				GCC_WARN_UNINITIALIZED_AUTOS = YES_AGGRESSIVE;
				GCC_WARN_UNUSED_FUNCTION = YES;
				GCC_WARN_UNUSED_VARIABLE = YES;
				IPHONEOS_DEPLOYMENT_TARGET = 11.2;
				MTL_ENABLE_DEBUG_INFO = YES;
				ONLY_ACTIVE_ARCH = YES;
				SDKROOT = iphoneos;
				SWIFT_ACTIVE_COMPILATION_CONDITIONS = DEBUG;
				SWIFT_OPTIMIZATION_LEVEL = "-Onone";
			};
			name = Debug;
		};
		B6EE0439203347AB009ABB82 /* Release */ = {
			isa = XCBuildConfiguration;
			buildSettings = {
				ALWAYS_SEARCH_USER_PATHS = NO;
				CLANG_ANALYZER_NONNULL = YES;
				CLANG_ANALYZER_NUMBER_OBJECT_CONVERSION = YES_AGGRESSIVE;
				CLANG_CXX_LANGUAGE_STANDARD = "gnu++14";
				CLANG_CXX_LIBRARY = "libc++";
				CLANG_ENABLE_MODULES = YES;
				CLANG_ENABLE_OBJC_ARC = YES;
				CLANG_WARN_BLOCK_CAPTURE_AUTORELEASING = YES;
				CLANG_WARN_BOOL_CONVERSION = YES;
				CLANG_WARN_COMMA = YES;
				CLANG_WARN_CONSTANT_CONVERSION = YES;
				CLANG_WARN_DIRECT_OBJC_ISA_USAGE = YES_ERROR;
				CLANG_WARN_DOCUMENTATION_COMMENTS = YES;
				CLANG_WARN_EMPTY_BODY = YES;
				CLANG_WARN_ENUM_CONVERSION = YES;
				CLANG_WARN_INFINITE_RECURSION = YES;
				CLANG_WARN_INT_CONVERSION = YES;
				CLANG_WARN_NON_LITERAL_NULL_CONVERSION = YES;
				CLANG_WARN_OBJC_LITERAL_CONVERSION = YES;
				CLANG_WARN_OBJC_ROOT_CLASS = YES_ERROR;
				CLANG_WARN_RANGE_LOOP_ANALYSIS = YES;
				CLANG_WARN_STRICT_PROTOTYPES = YES;
				CLANG_WARN_SUSPICIOUS_MOVE = YES;
				CLANG_WARN_UNGUARDED_AVAILABILITY = YES_AGGRESSIVE;
				CLANG_WARN_UNREACHABLE_CODE = YES;
				CLANG_WARN__DUPLICATE_METHOD_MATCH = YES;
				CODE_SIGN_IDENTITY = "iPhone Developer";
				COPY_PHASE_STRIP = NO;
				DEBUG_INFORMATION_FORMAT = "dwarf-with-dsym";
				ENABLE_NS_ASSERTIONS = NO;
				ENABLE_STRICT_OBJC_MSGSEND = YES;
				GCC_C_LANGUAGE_STANDARD = gnu11;
				GCC_NO_COMMON_BLOCKS = YES;
				GCC_WARN_64_TO_32_BIT_CONVERSION = YES;
				GCC_WARN_ABOUT_RETURN_TYPE = YES_ERROR;
				GCC_WARN_UNDECLARED_SELECTOR = YES;
				GCC_WARN_UNINITIALIZED_AUTOS = YES_AGGRESSIVE;
				GCC_WARN_UNUSED_FUNCTION = YES;
				GCC_WARN_UNUSED_VARIABLE = YES;
				IPHONEOS_DEPLOYMENT_TARGET = 11.2;
				MTL_ENABLE_DEBUG_INFO = NO;
				SDKROOT = iphoneos;
				SWIFT_OPTIMIZATION_LEVEL = "-Owholemodule";
				VALIDATE_PRODUCT = YES;
			};
			name = Release;
		};
		B6EE043B203347AB009ABB82 /* Debug */ = {
			isa = XCBuildConfiguration;
			buildSettings = {
				ASSETCATALOG_COMPILER_APPICON_NAME = AppIcon;
				CODE_SIGN_STYLE = Automatic;
				DEVELOPMENT_TEAM = 76K3PBCK69;
				INFOPLIST_FILE = "timetable-iphone/Info.plist";
				LD_RUNPATH_SEARCH_PATHS = "$(inherited) @executable_path/Frameworks";
				PRODUCT_BUNDLE_IDENTIFIER = "de.weilerapps.timetable-iphone";
				PRODUCT_NAME = "$(TARGET_NAME)";
				SWIFT_VERSION = 4.0;
				TARGETED_DEVICE_FAMILY = "1,2";
			};
			name = Debug;
		};
		B6EE043C203347AB009ABB82 /* Release */ = {
			isa = XCBuildConfiguration;
			buildSettings = {
				ASSETCATALOG_COMPILER_APPICON_NAME = AppIcon;
				CODE_SIGN_STYLE = Automatic;
				DEVELOPMENT_TEAM = 76K3PBCK69;
				INFOPLIST_FILE = "timetable-iphone/Info.plist";
				LD_RUNPATH_SEARCH_PATHS = "$(inherited) @executable_path/Frameworks";
				PRODUCT_BUNDLE_IDENTIFIER = "de.weilerapps.timetable-iphone";
				PRODUCT_NAME = "$(TARGET_NAME)";
				SWIFT_VERSION = 4.0;
				TARGETED_DEVICE_FAMILY = "1,2";
			};
			name = Release;
		};
/* End XCBuildConfiguration section */

/* Begin XCConfigurationList section */
		B6EE0420203347AB009ABB82 /* Build configuration list for PBXProject "timetable-iphone" */ = {
			isa = XCConfigurationList;
			buildConfigurations = (
				B6EE0438203347AB009ABB82 /* Debug */,
				B6EE0439203347AB009ABB82 /* Release */,
			);
			defaultConfigurationIsVisible = 0;
			defaultConfigurationName = Release;
		};
		B6EE043A203347AB009ABB82 /* Build configuration list for PBXNativeTarget "timetable-iphone" */ = {
			isa = XCConfigurationList;
			buildConfigurations = (
				B6EE043B203347AB009ABB82 /* Debug */,
				B6EE043C203347AB009ABB82 /* Release */,
			);
			defaultConfigurationIsVisible = 0;
			defaultConfigurationName = Release;
		};
/* End XCConfigurationList section */

/* Begin XCVersionGroup section */
		B6EE042F203347AB009ABB82 /* timetable_iphone.xcdatamodeld */ = {
			isa = XCVersionGroup;
			children = (
				B6EE0430203347AB009ABB82 /* timetable_iphone.xcdatamodel */,
			);
			currentVersion = B6EE0430203347AB009ABB82 /* timetable_iphone.xcdatamodel */;
			path = timetable_iphone.xcdatamodeld;
			sourceTree = "<group>";
			versionGroupType = wrapper.xcdatamodel;
		};
/* End XCVersionGroup section */
	};
	rootObject = B6EE041D203347AB009ABB82 /* Project object */;
}
