// !$*UTF8*$!
{
	archiveVersion = 1;
	classes = {
	};
	objectVersion = 48;
	objects = {

/* Begin PBXBuildFile section */
		412E017CBF58AED7DDDFC173 /* Pods_UntisApi.framework in Frameworks */ = {isa = PBXBuildFile; fileRef = 8EE14F74C382037DE2584D27 /* Pods_UntisApi.framework */; };
		A31757412521E94A00C83611 /* GoogleService-Info.plist in Resources */ = {isa = PBXBuildFile; fileRef = A31757402521E94A00C83611 /* GoogleService-Info.plist */; };
		A3317C32252267E400B77F35 /* widget14.intentdefinition in Sources */ = {isa = PBXBuildFile; fileRef = A3317C35252267E400B77F35 /* widget14.intentdefinition */; };
		A3317C33252267E400B77F35 /* widget14.intentdefinition in Sources */ = {isa = PBXBuildFile; fileRef = A3317C35252267E400B77F35 /* widget14.intentdefinition */; };
		A33283E7251EB64A00687C7A /* UntisApi.framework in Frameworks */ = {isa = PBXBuildFile; fileRef = B6D0F930222758BF00B3C38A /* UntisApi.framework */; };
		A3623C07251FAE7B000F15D8 /* CustomizeView.swift in Sources */ = {isa = PBXBuildFile; fileRef = A3623C06251FAE7B000F15D8 /* CustomizeView.swift */; };
		A3E2EAA1251E63C800A4FF4C /* WidgetKit.framework in Frameworks */ = {isa = PBXBuildFile; fileRef = A3E2EAA0251E63C800A4FF4C /* WidgetKit.framework */; };
		A3E2EAA3251E63C800A4FF4C /* SwiftUI.framework in Frameworks */ = {isa = PBXBuildFile; fileRef = A3E2EAA2251E63C800A4FF4C /* SwiftUI.framework */; };
		A3E2EAA6251E63C800A4FF4C /* widget14.swift in Sources */ = {isa = PBXBuildFile; fileRef = A3E2EAA5251E63C800A4FF4C /* widget14.swift */; };
		A3E2EAA9251E63CA00A4FF4C /* Assets.xcassets in Resources */ = {isa = PBXBuildFile; fileRef = A3E2EAA8251E63CA00A4FF4C /* Assets.xcassets */; };
		A3E2EAAF251E63CA00A4FF4C /* widget14Extension.appex in Embed App Extensions */ = {isa = PBXBuildFile; fileRef = A3E2EA9F251E63C800A4FF4C /* widget14Extension.appex */; settings = {ATTRIBUTES = (RemoveHeadersOnCopy, ); }; };
		B65E25AF223E93D600D1A335 /* PlanController.swift in Sources */ = {isa = PBXBuildFile; fileRef = B65E25AE223E93D600D1A335 /* PlanController.swift */; };
		B65E25B1223F045900D1A335 /* HomeController.swift in Sources */ = {isa = PBXBuildFile; fileRef = B65E25B0223F045900D1A335 /* HomeController.swift */; };
		B6624DD72055D04800F636B8 /* NotificationCenter.framework in Frameworks */ = {isa = PBXBuildFile; fileRef = B6D585722055CB3000BD06A8 /* NotificationCenter.framework */; };
		B6624DDA2055D04800F636B8 /* TodayViewController.swift in Sources */ = {isa = PBXBuildFile; fileRef = B6624DD92055D04800F636B8 /* TodayViewController.swift */; };
		B6624DDD2055D04800F636B8 /* MainInterface.storyboard in Resources */ = {isa = PBXBuildFile; fileRef = B6624DDB2055D04800F636B8 /* MainInterface.storyboard */; };
		B6624DE12055D04800F636B8 /* widget.appex in Embed App Extensions */ = {isa = PBXBuildFile; fileRef = B6624DD62055D04800F636B8 /* widget.appex */; settings = {ATTRIBUTES = (RemoveHeadersOnCopy, ); }; };
		B690BC8980E9FE4547F43885 /* Pods_widget.framework in Frameworks */ = {isa = PBXBuildFile; fileRef = 58CC308B00DBB7CA5DC03092 /* Pods_widget.framework */; };
		B6CC2AF6223817E200D2EC77 /* main.storyboard in Resources */ = {isa = PBXBuildFile; fileRef = B6CC2AF5223817E200D2EC77 /* main.storyboard */; };
		B6D0F92A22274F7A00B3C38A /* WelcomeController.swift in Sources */ = {isa = PBXBuildFile; fileRef = B6D0F92922274F7A00B3C38A /* WelcomeController.swift */; };
		B6D0F934222758BF00B3C38A /* UntisApi.h in Headers */ = {isa = PBXBuildFile; fileRef = B6D0F932222758BF00B3C38A /* UntisApi.h */; settings = {ATTRIBUTES = (Public, ); }; };
		B6D0F937222758BF00B3C38A /* UntisApi.framework in Frameworks */ = {isa = PBXBuildFile; fileRef = B6D0F930222758BF00B3C38A /* UntisApi.framework */; };
		B6D0F938222758BF00B3C38A /* UntisApi.framework in Embed Frameworks */ = {isa = PBXBuildFile; fileRef = B6D0F930222758BF00B3C38A /* UntisApi.framework */; settings = {ATTRIBUTES = (CodeSignOnCopy, RemoveHeadersOnCopy, ); }; };
		B6D0F93D222758DA00B3C38A /* Untis+Models.swift in Sources */ = {isa = PBXBuildFile; fileRef = B6B06C652033783D004FE857 /* Untis+Models.swift */; };
		B6D0F93E222758DA00B3C38A /* Untis+Requests.swift in Sources */ = {isa = PBXBuildFile; fileRef = B6B06C6920339961004FE857 /* Untis+Requests.swift */; };
		B6D0F93F222758DA00B3C38A /* Untis.swift in Sources */ = {isa = PBXBuildFile; fileRef = B6EE043D20334883009ABB82 /* Untis.swift */; };
		B6D0F940222759C300B3C38A /* UntisApi.framework in Frameworks */ = {isa = PBXBuildFile; fileRef = B6D0F930222758BF00B3C38A /* UntisApi.framework */; };
		B6EE0429203347AB009ABB82 /* AppDelegate.swift in Sources */ = {isa = PBXBuildFile; fileRef = B6EE0428203347AB009ABB82 /* AppDelegate.swift */; };
		B6EE042B203347AB009ABB82 /* SettingsController.swift in Sources */ = {isa = PBXBuildFile; fileRef = B6EE042A203347AB009ABB82 /* SettingsController.swift */; };
		B6EE0431203347AB009ABB82 /* timetable_iphone.xcdatamodeld in Sources */ = {isa = PBXBuildFile; fileRef = B6EE042F203347AB009ABB82 /* timetable_iphone.xcdatamodeld */; };
		B6EE0433203347AB009ABB82 /* Assets.xcassets in Resources */ = {isa = PBXBuildFile; fileRef = B6EE0432203347AB009ABB82 /* Assets.xcassets */; };
		B6EE0436203347AB009ABB82 /* LaunchScreen.storyboard in Resources */ = {isa = PBXBuildFile; fileRef = B6EE0434203347AB009ABB82 /* LaunchScreen.storyboard */; };
		C08904202EC7B7E13F172101 /* Pods_timetable_iphone.framework in Frameworks */ = {isa = PBXBuildFile; fileRef = FC06236FFB67177FC5E34938 /* Pods_timetable_iphone.framework */; };
		E516DB511D99DEA709AF16A3 /* Pods_widget14Extension.framework in Frameworks */ = {isa = PBXBuildFile; fileRef = E143AA36F4DBD914CE2A32D4 /* Pods_widget14Extension.framework */; };
/* End PBXBuildFile section */

/* Begin PBXContainerItemProxy section */
		A33283E9251EB64A00687C7A /* PBXContainerItemProxy */ = {
			isa = PBXContainerItemProxy;
			containerPortal = B6EE041D203347AB009ABB82 /* Project object */;
			proxyType = 1;
			remoteGlobalIDString = B6D0F92F222758BF00B3C38A;
			remoteInfo = UntisApi;
		};
		A3E2EAAD251E63CA00A4FF4C /* PBXContainerItemProxy */ = {
			isa = PBXContainerItemProxy;
			containerPortal = B6EE041D203347AB009ABB82 /* Project object */;
			proxyType = 1;
			remoteGlobalIDString = A3E2EA9E251E63C800A4FF4C;
			remoteInfo = widget14Extension;
		};
		B6624DDF2055D04800F636B8 /* PBXContainerItemProxy */ = {
			isa = PBXContainerItemProxy;
			containerPortal = B6EE041D203347AB009ABB82 /* Project object */;
			proxyType = 1;
			remoteGlobalIDString = B6624DD52055D04800F636B8;
			remoteInfo = widget;
		};
		B6D0F935222758BF00B3C38A /* PBXContainerItemProxy */ = {
			isa = PBXContainerItemProxy;
			containerPortal = B6EE041D203347AB009ABB82 /* Project object */;
			proxyType = 1;
			remoteGlobalIDString = B6D0F92F222758BF00B3C38A;
			remoteInfo = UntisApi;
		};
/* End PBXContainerItemProxy section */

/* Begin PBXCopyFilesBuildPhase section */
		B6D0F93C222758BF00B3C38A /* Embed Frameworks */ = {
			isa = PBXCopyFilesBuildPhase;
			buildActionMask = 2147483647;
			dstPath = "";
			dstSubfolderSpec = 10;
			files = (
				B6D0F938222758BF00B3C38A /* UntisApi.framework in Embed Frameworks */,
			);
			name = "Embed Frameworks";
			runOnlyForDeploymentPostprocessing = 0;
		};
		B6D585812055CB3100BD06A8 /* Embed App Extensions */ = {
			isa = PBXCopyFilesBuildPhase;
			buildActionMask = 2147483647;
			dstPath = "";
			dstSubfolderSpec = 13;
			files = (
				B6624DE12055D04800F636B8 /* widget.appex in Embed App Extensions */,
				A3E2EAAF251E63CA00A4FF4C /* widget14Extension.appex in Embed App Extensions */,
			);
			name = "Embed App Extensions";
			runOnlyForDeploymentPostprocessing = 0;
		};
/* End PBXCopyFilesBuildPhase section */

/* Begin PBXFileReference section */
		342B26762B1D123E0BB164BE /* Pods-widget14Extension.release.xcconfig */ = {isa = PBXFileReference; includeInIndex = 1; lastKnownFileType = text.xcconfig; name = "Pods-widget14Extension.release.xcconfig"; path = "Target Support Files/Pods-widget14Extension/Pods-widget14Extension.release.xcconfig"; sourceTree = "<group>"; };
		45C54EB3B99634ABD9BEA41A /* Pods-timetable-iphone.debug.xcconfig */ = {isa = PBXFileReference; includeInIndex = 1; lastKnownFileType = text.xcconfig; name = "Pods-timetable-iphone.debug.xcconfig"; path = "Target Support Files/Pods-timetable-iphone/Pods-timetable-iphone.debug.xcconfig"; sourceTree = "<group>"; };
		58CC308B00DBB7CA5DC03092 /* Pods_widget.framework */ = {isa = PBXFileReference; explicitFileType = wrapper.framework; includeInIndex = 0; path = Pods_widget.framework; sourceTree = BUILT_PRODUCTS_DIR; };
		73127D2B5B80877181DE0F6B /* Pods-UntisApi.debug.xcconfig */ = {isa = PBXFileReference; includeInIndex = 1; lastKnownFileType = text.xcconfig; name = "Pods-UntisApi.debug.xcconfig"; path = "Target Support Files/Pods-UntisApi/Pods-UntisApi.debug.xcconfig"; sourceTree = "<group>"; };
		881C4B848A7EB8F9F5723886 /* Pods-timetable-iphone.release.xcconfig */ = {isa = PBXFileReference; includeInIndex = 1; lastKnownFileType = text.xcconfig; name = "Pods-timetable-iphone.release.xcconfig"; path = "Target Support Files/Pods-timetable-iphone/Pods-timetable-iphone.release.xcconfig"; sourceTree = "<group>"; };
		8D9EEC84AFDA2CE43D3874CB /* Pods-widget.release.xcconfig */ = {isa = PBXFileReference; includeInIndex = 1; lastKnownFileType = text.xcconfig; name = "Pods-widget.release.xcconfig"; path = "Target Support Files/Pods-widget/Pods-widget.release.xcconfig"; sourceTree = "<group>"; };
		8EE14F74C382037DE2584D27 /* Pods_UntisApi.framework */ = {isa = PBXFileReference; explicitFileType = wrapper.framework; includeInIndex = 0; path = Pods_UntisApi.framework; sourceTree = BUILT_PRODUCTS_DIR; };
		9C176175F6500E4F741C5A9E /* Pods-UntisApi.release.xcconfig */ = {isa = PBXFileReference; includeInIndex = 1; lastKnownFileType = text.xcconfig; name = "Pods-UntisApi.release.xcconfig"; path = "Target Support Files/Pods-UntisApi/Pods-UntisApi.release.xcconfig"; sourceTree = "<group>"; };
		A31757402521E94A00C83611 /* GoogleService-Info.plist */ = {isa = PBXFileReference; fileEncoding = 4; lastKnownFileType = text.plist.xml; path = "GoogleService-Info.plist"; sourceTree = "<group>"; };
		A3317C34252267E400B77F35 /* Base */ = {isa = PBXFileReference; lastKnownFileType = file.intentdefinition; name = Base; path = Base.lproj/widget14.intentdefinition; sourceTree = "<group>"; };
		A3623C06251FAE7B000F15D8 /* CustomizeView.swift */ = {isa = PBXFileReference; lastKnownFileType = sourcecode.swift; path = CustomizeView.swift; sourceTree = "<group>"; };
		A3E2EA9F251E63C800A4FF4C /* widget14Extension.appex */ = {isa = PBXFileReference; explicitFileType = "wrapper.app-extension"; includeInIndex = 0; path = widget14Extension.appex; sourceTree = BUILT_PRODUCTS_DIR; };
		A3E2EAA0251E63C800A4FF4C /* WidgetKit.framework */ = {isa = PBXFileReference; lastKnownFileType = wrapper.framework; name = WidgetKit.framework; path = System/Library/Frameworks/WidgetKit.framework; sourceTree = SDKROOT; };
		A3E2EAA2251E63C800A4FF4C /* SwiftUI.framework */ = {isa = PBXFileReference; lastKnownFileType = wrapper.framework; name = SwiftUI.framework; path = System/Library/Frameworks/SwiftUI.framework; sourceTree = SDKROOT; };
		A3E2EAA5251E63C800A4FF4C /* widget14.swift */ = {isa = PBXFileReference; lastKnownFileType = sourcecode.swift; path = widget14.swift; sourceTree = "<group>"; };
		A3E2EAA8251E63CA00A4FF4C /* Assets.xcassets */ = {isa = PBXFileReference; lastKnownFileType = folder.assetcatalog; path = Assets.xcassets; sourceTree = "<group>"; };
		A3E2EAAA251E63CA00A4FF4C /* Info.plist */ = {isa = PBXFileReference; lastKnownFileType = text.plist.xml; path = Info.plist; sourceTree = "<group>"; };
		A3E2EABC251E654300A4FF4C /* widget14Extension.entitlements */ = {isa = PBXFileReference; lastKnownFileType = text.plist.entitlements; path = widget14Extension.entitlements; sourceTree = "<group>"; };
		AFD1798C16D5AE0442685434 /* Pods-widget14Extension.debug.xcconfig */ = {isa = PBXFileReference; includeInIndex = 1; lastKnownFileType = text.xcconfig; name = "Pods-widget14Extension.debug.xcconfig"; path = "Target Support Files/Pods-widget14Extension/Pods-widget14Extension.debug.xcconfig"; sourceTree = "<group>"; };
		B5641A37EEC2521CEA9312CC /* Pods-widget.debug.xcconfig */ = {isa = PBXFileReference; includeInIndex = 1; lastKnownFileType = text.xcconfig; name = "Pods-widget.debug.xcconfig"; path = "Target Support Files/Pods-widget/Pods-widget.debug.xcconfig"; sourceTree = "<group>"; };
		B65E25AE223E93D600D1A335 /* PlanController.swift */ = {isa = PBXFileReference; lastKnownFileType = sourcecode.swift; path = PlanController.swift; sourceTree = "<group>"; };
		B65E25B0223F045900D1A335 /* HomeController.swift */ = {isa = PBXFileReference; lastKnownFileType = sourcecode.swift; path = HomeController.swift; sourceTree = "<group>"; };
		B65FC4AF222761860002D6D0 /* timetable-iphone.entitlements */ = {isa = PBXFileReference; lastKnownFileType = text.plist.entitlements; path = "timetable-iphone.entitlements"; sourceTree = "<group>"; };
		B65FC4B0222763C30002D6D0 /* widget.entitlements */ = {isa = PBXFileReference; lastKnownFileType = text.plist.entitlements; path = widget.entitlements; sourceTree = "<group>"; };
		B6624DD62055D04800F636B8 /* widget.appex */ = {isa = PBXFileReference; explicitFileType = "wrapper.app-extension"; includeInIndex = 0; path = widget.appex; sourceTree = BUILT_PRODUCTS_DIR; };
		B6624DD92055D04800F636B8 /* TodayViewController.swift */ = {isa = PBXFileReference; lastKnownFileType = sourcecode.swift; path = TodayViewController.swift; sourceTree = "<group>"; };
		B6624DDC2055D04800F636B8 /* Base */ = {isa = PBXFileReference; lastKnownFileType = file.storyboard; name = Base; path = Base.lproj/MainInterface.storyboard; sourceTree = "<group>"; };
		B6624DDE2055D04800F636B8 /* Info.plist */ = {isa = PBXFileReference; lastKnownFileType = text.plist.xml; path = Info.plist; sourceTree = "<group>"; };
		B6B06C652033783D004FE857 /* Untis+Models.swift */ = {isa = PBXFileReference; lastKnownFileType = sourcecode.swift; path = "Untis+Models.swift"; sourceTree = "<group>"; };
		B6B06C6920339961004FE857 /* Untis+Requests.swift */ = {isa = PBXFileReference; lastKnownFileType = sourcecode.swift; path = "Untis+Requests.swift"; sourceTree = "<group>"; };
		B6CC2AF5223817E200D2EC77 /* main.storyboard */ = {isa = PBXFileReference; lastKnownFileType = file.storyboard; path = main.storyboard; sourceTree = "<group>"; };
		B6D0F92922274F7A00B3C38A /* WelcomeController.swift */ = {isa = PBXFileReference; lastKnownFileType = sourcecode.swift; path = WelcomeController.swift; sourceTree = "<group>"; };
		B6D0F930222758BF00B3C38A /* UntisApi.framework */ = {isa = PBXFileReference; explicitFileType = wrapper.framework; includeInIndex = 0; path = UntisApi.framework; sourceTree = BUILT_PRODUCTS_DIR; };
		B6D0F932222758BF00B3C38A /* UntisApi.h */ = {isa = PBXFileReference; lastKnownFileType = sourcecode.c.h; path = UntisApi.h; sourceTree = "<group>"; };
		B6D0F933222758BF00B3C38A /* Info.plist */ = {isa = PBXFileReference; lastKnownFileType = text.plist.xml; path = Info.plist; sourceTree = "<group>"; };
		B6D585722055CB3000BD06A8 /* NotificationCenter.framework */ = {isa = PBXFileReference; lastKnownFileType = wrapper.framework; name = NotificationCenter.framework; path = System/Library/Frameworks/NotificationCenter.framework; sourceTree = SDKROOT; };
		B6EE0425203347AB009ABB82 /* timetable-iphone.app */ = {isa = PBXFileReference; explicitFileType = wrapper.application; includeInIndex = 0; path = "timetable-iphone.app"; sourceTree = BUILT_PRODUCTS_DIR; };
		B6EE0428203347AB009ABB82 /* AppDelegate.swift */ = {isa = PBXFileReference; lastKnownFileType = sourcecode.swift; path = AppDelegate.swift; sourceTree = "<group>"; };
		B6EE042A203347AB009ABB82 /* SettingsController.swift */ = {isa = PBXFileReference; lastKnownFileType = sourcecode.swift; path = SettingsController.swift; sourceTree = "<group>"; };
		B6EE0430203347AB009ABB82 /* timetable_iphone.xcdatamodel */ = {isa = PBXFileReference; lastKnownFileType = wrapper.xcdatamodel; path = timetable_iphone.xcdatamodel; sourceTree = "<group>"; };
		B6EE0432203347AB009ABB82 /* Assets.xcassets */ = {isa = PBXFileReference; lastKnownFileType = folder.assetcatalog; path = Assets.xcassets; sourceTree = "<group>"; };
		B6EE0435203347AB009ABB82 /* Base */ = {isa = PBXFileReference; lastKnownFileType = file.storyboard; name = Base; path = Base.lproj/LaunchScreen.storyboard; sourceTree = "<group>"; };
		B6EE0437203347AB009ABB82 /* Info.plist */ = {isa = PBXFileReference; lastKnownFileType = text.plist.xml; path = Info.plist; sourceTree = "<group>"; };
		B6EE043D20334883009ABB82 /* Untis.swift */ = {isa = PBXFileReference; lastKnownFileType = sourcecode.swift; path = Untis.swift; sourceTree = "<group>"; };
		E143AA36F4DBD914CE2A32D4 /* Pods_widget14Extension.framework */ = {isa = PBXFileReference; explicitFileType = wrapper.framework; includeInIndex = 0; path = Pods_widget14Extension.framework; sourceTree = BUILT_PRODUCTS_DIR; };
		FC06236FFB67177FC5E34938 /* Pods_timetable_iphone.framework */ = {isa = PBXFileReference; explicitFileType = wrapper.framework; includeInIndex = 0; path = Pods_timetable_iphone.framework; sourceTree = BUILT_PRODUCTS_DIR; };
/* End PBXFileReference section */

/* Begin PBXFrameworksBuildPhase section */
		A3E2EA9C251E63C800A4FF4C /* Frameworks */ = {
			isa = PBXFrameworksBuildPhase;
			buildActionMask = 2147483647;
			files = (
				A3E2EAA3251E63C800A4FF4C /* SwiftUI.framework in Frameworks */,
				A3E2EAA1251E63C800A4FF4C /* WidgetKit.framework in Frameworks */,
				A33283E7251EB64A00687C7A /* UntisApi.framework in Frameworks */,
				E516DB511D99DEA709AF16A3 /* Pods_widget14Extension.framework in Frameworks */,
			);
			runOnlyForDeploymentPostprocessing = 0;
		};
		B6624DD32055D04800F636B8 /* Frameworks */ = {
			isa = PBXFrameworksBuildPhase;
			buildActionMask = 2147483647;
			files = (
				B6D0F940222759C300B3C38A /* UntisApi.framework in Frameworks */,
				B6624DD72055D04800F636B8 /* NotificationCenter.framework in Frameworks */,
				B690BC8980E9FE4547F43885 /* Pods_widget.framework in Frameworks */,
			);
			runOnlyForDeploymentPostprocessing = 0;
		};
		B6D0F92D222758BF00B3C38A /* Frameworks */ = {
			isa = PBXFrameworksBuildPhase;
			buildActionMask = 2147483647;
			files = (
				412E017CBF58AED7DDDFC173 /* Pods_UntisApi.framework in Frameworks */,
			);
			runOnlyForDeploymentPostprocessing = 0;
		};
		B6EE0422203347AB009ABB82 /* Frameworks */ = {
			isa = PBXFrameworksBuildPhase;
			buildActionMask = 2147483647;
			files = (
				B6D0F937222758BF00B3C38A /* UntisApi.framework in Frameworks */,
				C08904202EC7B7E13F172101 /* Pods_timetable_iphone.framework in Frameworks */,
			);
			runOnlyForDeploymentPostprocessing = 0;
		};
/* End PBXFrameworksBuildPhase section */

/* Begin PBXGroup section */
		A3E2EAA4251E63C800A4FF4C /* widget14 */ = {
			isa = PBXGroup;
			children = (
				A3E2EAA5251E63C800A4FF4C /* widget14.swift */,
				A3317C35252267E400B77F35 /* widget14.intentdefinition */,
				A3E2EAA8251E63CA00A4FF4C /* Assets.xcassets */,
				A3E2EAAA251E63CA00A4FF4C /* Info.plist */,
			);
			path = widget14;
			sourceTree = "<group>";
		};
		B6624DD82055D04800F636B8 /* widget */ = {
			isa = PBXGroup;
			children = (
				B65FC4B0222763C30002D6D0 /* widget.entitlements */,
				B6624DD92055D04800F636B8 /* TodayViewController.swift */,
				B6624DDB2055D04800F636B8 /* MainInterface.storyboard */,
				B6624DDE2055D04800F636B8 /* Info.plist */,
			);
			path = widget;
			sourceTree = "<group>";
		};
		B6D0F931222758BF00B3C38A /* UntisApi */ = {
			isa = PBXGroup;
			children = (
				B6EE043D20334883009ABB82 /* Untis.swift */,
				B6B06C652033783D004FE857 /* Untis+Models.swift */,
				B6B06C6920339961004FE857 /* Untis+Requests.swift */,
				B6D0F932222758BF00B3C38A /* UntisApi.h */,
				B6D0F933222758BF00B3C38A /* Info.plist */,
			);
			path = UntisApi;
			sourceTree = "<group>";
		};
		B6D585712055CB3000BD06A8 /* Frameworks */ = {
			isa = PBXGroup;
			children = (
				B6D585722055CB3000BD06A8 /* NotificationCenter.framework */,
				A3E2EAA0251E63C800A4FF4C /* WidgetKit.framework */,
				A3E2EAA2251E63C800A4FF4C /* SwiftUI.framework */,
				8EE14F74C382037DE2584D27 /* Pods_UntisApi.framework */,
				FC06236FFB67177FC5E34938 /* Pods_timetable_iphone.framework */,
				58CC308B00DBB7CA5DC03092 /* Pods_widget.framework */,
				E143AA36F4DBD914CE2A32D4 /* Pods_widget14Extension.framework */,
			);
			name = Frameworks;
			sourceTree = "<group>";
		};
		B6EE041C203347AB009ABB82 = {
			isa = PBXGroup;
			children = (
				A3E2EABC251E654300A4FF4C /* widget14Extension.entitlements */,
				B6EE0427203347AB009ABB82 /* timetable-iphone */,
				B6624DD82055D04800F636B8 /* widget */,
				B6D0F931222758BF00B3C38A /* UntisApi */,
				A3E2EAA4251E63C800A4FF4C /* widget14 */,
				B6D585712055CB3000BD06A8 /* Frameworks */,
				B6EE0426203347AB009ABB82 /* Products */,
				F6D9394F468C0597E4C41996 /* Pods */,
			);
			sourceTree = "<group>";
		};
		B6EE0426203347AB009ABB82 /* Products */ = {
			isa = PBXGroup;
			children = (
				B6EE0425203347AB009ABB82 /* timetable-iphone.app */,
				B6624DD62055D04800F636B8 /* widget.appex */,
				B6D0F930222758BF00B3C38A /* UntisApi.framework */,
				A3E2EA9F251E63C800A4FF4C /* widget14Extension.appex */,
			);
			name = Products;
			sourceTree = "<group>";
		};
		B6EE0427203347AB009ABB82 /* timetable-iphone */ = {
			isa = PBXGroup;
			children = (
				B65FC4AF222761860002D6D0 /* timetable-iphone.entitlements */,
				B6EE0428203347AB009ABB82 /* AppDelegate.swift */,
				B6D0F92922274F7A00B3C38A /* WelcomeController.swift */,
				B65E25B0223F045900D1A335 /* HomeController.swift */,
				B65E25AE223E93D600D1A335 /* PlanController.swift */,
				B6EE042A203347AB009ABB82 /* SettingsController.swift */,
				A3623C06251FAE7B000F15D8 /* CustomizeView.swift */,
				B6CC2AF5223817E200D2EC77 /* main.storyboard */,
				B6EE0432203347AB009ABB82 /* Assets.xcassets */,
				B6EE0434203347AB009ABB82 /* LaunchScreen.storyboard */,
				B6EE0437203347AB009ABB82 /* Info.plist */,
				B6EE042F203347AB009ABB82 /* timetable_iphone.xcdatamodeld */,
				A31757402521E94A00C83611 /* GoogleService-Info.plist */,
			);
			path = "timetable-iphone";
			sourceTree = "<group>";
		};
		F6D9394F468C0597E4C41996 /* Pods */ = {
			isa = PBXGroup;
			children = (
				73127D2B5B80877181DE0F6B /* Pods-UntisApi.debug.xcconfig */,
				9C176175F6500E4F741C5A9E /* Pods-UntisApi.release.xcconfig */,
				45C54EB3B99634ABD9BEA41A /* Pods-timetable-iphone.debug.xcconfig */,
				881C4B848A7EB8F9F5723886 /* Pods-timetable-iphone.release.xcconfig */,
				B5641A37EEC2521CEA9312CC /* Pods-widget.debug.xcconfig */,
				8D9EEC84AFDA2CE43D3874CB /* Pods-widget.release.xcconfig */,
				AFD1798C16D5AE0442685434 /* Pods-widget14Extension.debug.xcconfig */,
				342B26762B1D123E0BB164BE /* Pods-widget14Extension.release.xcconfig */,
			);
			path = Pods;
			sourceTree = "<group>";
		};
/* End PBXGroup section */

/* Begin PBXHeadersBuildPhase section */
		B6D0F92B222758BF00B3C38A /* Headers */ = {
			isa = PBXHeadersBuildPhase;
			buildActionMask = 2147483647;
			files = (
				B6D0F934222758BF00B3C38A /* UntisApi.h in Headers */,
			);
			runOnlyForDeploymentPostprocessing = 0;
		};
/* End PBXHeadersBuildPhase section */

/* Begin PBXNativeTarget section */
		A3E2EA9E251E63C800A4FF4C /* widget14Extension */ = {
			isa = PBXNativeTarget;
			buildConfigurationList = A3E2EAB2251E63CA00A4FF4C /* Build configuration list for PBXNativeTarget "widget14Extension" */;
			buildPhases = (
				EA8D03FA89F120EFEB5D2BB9 /* [CP] Check Pods Manifest.lock */,
				A3E2EA9B251E63C800A4FF4C /* Sources */,
				A3E2EA9C251E63C800A4FF4C /* Frameworks */,
				A3E2EA9D251E63C800A4FF4C /* Resources */,
			);
			buildRules = (
			);
			dependencies = (
				A33283EA251EB64A00687C7A /* PBXTargetDependency */,
			);
			name = widget14Extension;
			productName = widget14Extension;
			productReference = A3E2EA9F251E63C800A4FF4C /* widget14Extension.appex */;
			productType = "com.apple.product-type.app-extension";
		};
		B6624DD52055D04800F636B8 /* widget */ = {
			isa = PBXNativeTarget;
			buildConfigurationList = B6624DE22055D04800F636B8 /* Build configuration list for PBXNativeTarget "widget" */;
			buildPhases = (
				A20D0970CE6378931A90EEEF /* [CP] Check Pods Manifest.lock */,
				B6624DD22055D04800F636B8 /* Sources */,
				B6624DD32055D04800F636B8 /* Frameworks */,
				B6624DD42055D04800F636B8 /* Resources */,
			);
			buildRules = (
			);
			dependencies = (
			);
			name = widget;
			productName = widget;
			productReference = B6624DD62055D04800F636B8 /* widget.appex */;
			productType = "com.apple.product-type.app-extension";
		};
		B6D0F92F222758BF00B3C38A /* UntisApi */ = {
			isa = PBXNativeTarget;
			buildConfigurationList = B6D0F939222758BF00B3C38A /* Build configuration list for PBXNativeTarget "UntisApi" */;
			buildPhases = (
				E81025C259870451D3DD207C /* [CP] Check Pods Manifest.lock */,
				B6D0F92B222758BF00B3C38A /* Headers */,
				B6D0F92C222758BF00B3C38A /* Sources */,
				B6D0F92D222758BF00B3C38A /* Frameworks */,
				B6D0F92E222758BF00B3C38A /* Resources */,
			);
			buildRules = (
			);
			dependencies = (
			);
			name = UntisApi;
			productName = UntisApi;
			productReference = B6D0F930222758BF00B3C38A /* UntisApi.framework */;
			productType = "com.apple.product-type.framework";
		};
		B6EE0424203347AB009ABB82 /* timetable-iphone */ = {
			isa = PBXNativeTarget;
			buildConfigurationList = B6EE043A203347AB009ABB82 /* Build configuration list for PBXNativeTarget "timetable-iphone" */;
			buildPhases = (
				A2E6B79B1A00E1312B68CDCF /* [CP] Check Pods Manifest.lock */,
				B6EE0421203347AB009ABB82 /* Sources */,
				B6EE0422203347AB009ABB82 /* Frameworks */,
				B6EE0423203347AB009ABB82 /* Resources */,
				B6D585812055CB3100BD06A8 /* Embed App Extensions */,
				B6D0F93C222758BF00B3C38A /* Embed Frameworks */,
				BCD74AFC50FB733DCD74DA05 /* [CP] Embed Pods Frameworks */,
			);
			buildRules = (
			);
			dependencies = (
				B6624DE02055D04800F636B8 /* PBXTargetDependency */,
				B6D0F936222758BF00B3C38A /* PBXTargetDependency */,
				A3E2EAAE251E63CA00A4FF4C /* PBXTargetDependency */,
			);
			name = "timetable-iphone";
			productName = "timetable-iphone";
			productReference = B6EE0425203347AB009ABB82 /* timetable-iphone.app */;
			productType = "com.apple.product-type.application";
		};
/* End PBXNativeTarget section */

/* Begin PBXProject section */
		B6EE041D203347AB009ABB82 /* Project object */ = {
			isa = PBXProject;
			attributes = {
				LastSwiftUpdateCheck = 1200;
				LastUpgradeCheck = 1200;
				ORGANIZATIONNAME = "Finn Weiler";
				TargetAttributes = {
					A3E2EA9E251E63C800A4FF4C = {
						CreatedOnToolsVersion = 12.0;
						ProvisioningStyle = Automatic;
					};
					B6624DD52055D04800F636B8 = {
						CreatedOnToolsVersion = 9.2;
						LastSwiftMigration = 1200;
						ProvisioningStyle = Automatic;
						SystemCapabilities = {
							com.apple.ApplicationGroups.iOS = {
								enabled = 1;
							};
						};
					};
					B6D0F92F222758BF00B3C38A = {
						CreatedOnToolsVersion = 10.1;
						LastSwiftMigration = 1200;
						ProvisioningStyle = Automatic;
					};
					B6EE0424203347AB009ABB82 = {
						CreatedOnToolsVersion = 9.2;
						LastSwiftMigration = 1200;
						ProvisioningStyle = Automatic;
						SystemCapabilities = {
							com.apple.ApplicationGroups.iOS = {
								enabled = 1;
							};
						};
					};
				};
			};
			buildConfigurationList = B6EE0420203347AB009ABB82 /* Build configuration list for PBXProject "timetable-iphone" */;
			compatibilityVersion = "Xcode 8.0";
			developmentRegion = en;
			hasScannedForEncodings = 0;
			knownRegions = (
				en,
				Base,
			);
			mainGroup = B6EE041C203347AB009ABB82;
			productRefGroup = B6EE0426203347AB009ABB82 /* Products */;
			projectDirPath = "";
			projectRoot = "";
			targets = (
				B6EE0424203347AB009ABB82 /* timetable-iphone */,
				B6624DD52055D04800F636B8 /* widget */,
				B6D0F92F222758BF00B3C38A /* UntisApi */,
				A3E2EA9E251E63C800A4FF4C /* widget14Extension */,
			);
		};
/* End PBXProject section */

/* Begin PBXResourcesBuildPhase section */
		A3E2EA9D251E63C800A4FF4C /* Resources */ = {
			isa = PBXResourcesBuildPhase;
			buildActionMask = 2147483647;
			files = (
				A3E2EAA9251E63CA00A4FF4C /* Assets.xcassets in Resources */,
			);
			runOnlyForDeploymentPostprocessing = 0;
		};
		B6624DD42055D04800F636B8 /* Resources */ = {
			isa = PBXResourcesBuildPhase;
			buildActionMask = 2147483647;
			files = (
				B6624DDD2055D04800F636B8 /* MainInterface.storyboard in Resources */,
			);
			runOnlyForDeploymentPostprocessing = 0;
		};
		B6D0F92E222758BF00B3C38A /* Resources */ = {
			isa = PBXResourcesBuildPhase;
			buildActionMask = 2147483647;
			files = (
			);
			runOnlyForDeploymentPostprocessing = 0;
		};
		B6EE0423203347AB009ABB82 /* Resources */ = {
			isa = PBXResourcesBuildPhase;
			buildActionMask = 2147483647;
			files = (
				B6EE0436203347AB009ABB82 /* LaunchScreen.storyboard in Resources */,
				A31757412521E94A00C83611 /* GoogleService-Info.plist in Resources */,
				B6EE0433203347AB009ABB82 /* Assets.xcassets in Resources */,
				B6CC2AF6223817E200D2EC77 /* main.storyboard in Resources */,
			);
			runOnlyForDeploymentPostprocessing = 0;
		};
/* End PBXResourcesBuildPhase section */

/* Begin PBXShellScriptBuildPhase section */
		A20D0970CE6378931A90EEEF /* [CP] Check Pods Manifest.lock */ = {
			isa = PBXShellScriptBuildPhase;
			buildActionMask = 2147483647;
			files = (
			);
			inputFileListPaths = (
			);
			inputPaths = (
				"${PODS_PODFILE_DIR_PATH}/Podfile.lock",
				"${PODS_ROOT}/Manifest.lock",
			);
			name = "[CP] Check Pods Manifest.lock";
			outputFileListPaths = (
			);
			outputPaths = (
				"$(DERIVED_FILE_DIR)/Pods-widget-checkManifestLockResult.txt",
			);
			runOnlyForDeploymentPostprocessing = 0;
			shellPath = /bin/sh;
			shellScript = "diff \"${PODS_PODFILE_DIR_PATH}/Podfile.lock\" \"${PODS_ROOT}/Manifest.lock\" > /dev/null\nif [ $? != 0 ] ; then\n    # print error to STDERR\n    echo \"error: The sandbox is not in sync with the Podfile.lock. Run 'pod install' or update your CocoaPods installation.\" >&2\n    exit 1\nfi\n# This output is used by Xcode 'outputs' to avoid re-running this script phase.\necho \"SUCCESS\" > \"${SCRIPT_OUTPUT_FILE_0}\"\n";
			showEnvVarsInLog = 0;
		};
		A2E6B79B1A00E1312B68CDCF /* [CP] Check Pods Manifest.lock */ = {
			isa = PBXShellScriptBuildPhase;
			buildActionMask = 2147483647;
			files = (
			);
			inputFileListPaths = (
			);
			inputPaths = (
				"${PODS_PODFILE_DIR_PATH}/Podfile.lock",
				"${PODS_ROOT}/Manifest.lock",
			);
			name = "[CP] Check Pods Manifest.lock";
			outputFileListPaths = (
			);
			outputPaths = (
				"$(DERIVED_FILE_DIR)/Pods-timetable-iphone-checkManifestLockResult.txt",
			);
			runOnlyForDeploymentPostprocessing = 0;
			shellPath = /bin/sh;
			shellScript = "diff \"${PODS_PODFILE_DIR_PATH}/Podfile.lock\" \"${PODS_ROOT}/Manifest.lock\" > /dev/null\nif [ $? != 0 ] ; then\n    # print error to STDERR\n    echo \"error: The sandbox is not in sync with the Podfile.lock. Run 'pod install' or update your CocoaPods installation.\" >&2\n    exit 1\nfi\n# This output is used by Xcode 'outputs' to avoid re-running this script phase.\necho \"SUCCESS\" > \"${SCRIPT_OUTPUT_FILE_0}\"\n";
			showEnvVarsInLog = 0;
		};
		BCD74AFC50FB733DCD74DA05 /* [CP] Embed Pods Frameworks */ = {
			isa = PBXShellScriptBuildPhase;
			buildActionMask = 2147483647;
			files = (
			);
			inputPaths = (
				"${PODS_ROOT}/Target Support Files/Pods-timetable-iphone/Pods-timetable-iphone-frameworks.sh",
				"${BUILT_PRODUCTS_DIR}/GoogleUtilities/GoogleUtilities.framework",
				"${BUILT_PRODUCTS_DIR}/nanopb/nanopb.framework",
			);
			name = "[CP] Embed Pods Frameworks";
			outputPaths = (
				"${TARGET_BUILD_DIR}/${FRAMEWORKS_FOLDER_PATH}/GoogleUtilities.framework",
				"${TARGET_BUILD_DIR}/${FRAMEWORKS_FOLDER_PATH}/nanopb.framework",
			);
			runOnlyForDeploymentPostprocessing = 0;
			shellPath = /bin/sh;
			shellScript = "\"${PODS_ROOT}/Target Support Files/Pods-timetable-iphone/Pods-timetable-iphone-frameworks.sh\"\n";
			showEnvVarsInLog = 0;
		};
		E81025C259870451D3DD207C /* [CP] Check Pods Manifest.lock */ = {
			isa = PBXShellScriptBuildPhase;
			buildActionMask = 2147483647;
			files = (
			);
			inputFileListPaths = (
			);
			inputPaths = (
				"${PODS_PODFILE_DIR_PATH}/Podfile.lock",
				"${PODS_ROOT}/Manifest.lock",
			);
			name = "[CP] Check Pods Manifest.lock";
			outputFileListPaths = (
			);
			outputPaths = (
				"$(DERIVED_FILE_DIR)/Pods-UntisApi-checkManifestLockResult.txt",
			);
			runOnlyForDeploymentPostprocessing = 0;
			shellPath = /bin/sh;
			shellScript = "diff \"${PODS_PODFILE_DIR_PATH}/Podfile.lock\" \"${PODS_ROOT}/Manifest.lock\" > /dev/null\nif [ $? != 0 ] ; then\n    # print error to STDERR\n    echo \"error: The sandbox is not in sync with the Podfile.lock. Run 'pod install' or update your CocoaPods installation.\" >&2\n    exit 1\nfi\n# This output is used by Xcode 'outputs' to avoid re-running this script phase.\necho \"SUCCESS\" > \"${SCRIPT_OUTPUT_FILE_0}\"\n";
			showEnvVarsInLog = 0;
		};
		EA8D03FA89F120EFEB5D2BB9 /* [CP] Check Pods Manifest.lock */ = {
			isa = PBXShellScriptBuildPhase;
			buildActionMask = 2147483647;
			files = (
			);
			inputFileListPaths = (
			);
			inputPaths = (
				"${PODS_PODFILE_DIR_PATH}/Podfile.lock",
				"${PODS_ROOT}/Manifest.lock",
			);
			name = "[CP] Check Pods Manifest.lock";
			outputFileListPaths = (
			);
			outputPaths = (
				"$(DERIVED_FILE_DIR)/Pods-widget14Extension-checkManifestLockResult.txt",
			);
			runOnlyForDeploymentPostprocessing = 0;
			shellPath = /bin/sh;
			shellScript = "diff \"${PODS_PODFILE_DIR_PATH}/Podfile.lock\" \"${PODS_ROOT}/Manifest.lock\" > /dev/null\nif [ $? != 0 ] ; then\n    # print error to STDERR\n    echo \"error: The sandbox is not in sync with the Podfile.lock. Run 'pod install' or update your CocoaPods installation.\" >&2\n    exit 1\nfi\n# This output is used by Xcode 'outputs' to avoid re-running this script phase.\necho \"SUCCESS\" > \"${SCRIPT_OUTPUT_FILE_0}\"\n";
			showEnvVarsInLog = 0;
		};
/* End PBXShellScriptBuildPhase section */

/* Begin PBXSourcesBuildPhase section */
		A3E2EA9B251E63C800A4FF4C /* Sources */ = {
			isa = PBXSourcesBuildPhase;
			buildActionMask = 2147483647;
			files = (
				A3E2EAA6251E63C800A4FF4C /* widget14.swift in Sources */,
				A3317C33252267E400B77F35 /* widget14.intentdefinition in Sources */,
			);
			runOnlyForDeploymentPostprocessing = 0;
		};
		B6624DD22055D04800F636B8 /* Sources */ = {
			isa = PBXSourcesBuildPhase;
			buildActionMask = 2147483647;
			files = (
				B6624DDA2055D04800F636B8 /* TodayViewController.swift in Sources */,
			);
			runOnlyForDeploymentPostprocessing = 0;
		};
		B6D0F92C222758BF00B3C38A /* Sources */ = {
			isa = PBXSourcesBuildPhase;
			buildActionMask = 2147483647;
			files = (
				B6D0F93F222758DA00B3C38A /* Untis.swift in Sources */,
				B6D0F93D222758DA00B3C38A /* Untis+Models.swift in Sources */,
				B6D0F93E222758DA00B3C38A /* Untis+Requests.swift in Sources */,
			);
			runOnlyForDeploymentPostprocessing = 0;
		};
		B6EE0421203347AB009ABB82 /* Sources */ = {
			isa = PBXSourcesBuildPhase;
			buildActionMask = 2147483647;
			files = (
				B6EE0431203347AB009ABB82 /* timetable_iphone.xcdatamodeld in Sources */,
				B6EE042B203347AB009ABB82 /* SettingsController.swift in Sources */,
				B65E25B1223F045900D1A335 /* HomeController.swift in Sources */,
				A3623C07251FAE7B000F15D8 /* CustomizeView.swift in Sources */,
				B6D0F92A22274F7A00B3C38A /* WelcomeController.swift in Sources */,
				B6EE0429203347AB009ABB82 /* AppDelegate.swift in Sources */,
				A3317C32252267E400B77F35 /* widget14.intentdefinition in Sources */,
				B65E25AF223E93D600D1A335 /* PlanController.swift in Sources */,
			);
			runOnlyForDeploymentPostprocessing = 0;
		};
/* End PBXSourcesBuildPhase section */

/* Begin PBXTargetDependency section */
		A33283EA251EB64A00687C7A /* PBXTargetDependency */ = {
			isa = PBXTargetDependency;
			target = B6D0F92F222758BF00B3C38A /* UntisApi */;
			targetProxy = A33283E9251EB64A00687C7A /* PBXContainerItemProxy */;
		};
		A3E2EAAE251E63CA00A4FF4C /* PBXTargetDependency */ = {
			isa = PBXTargetDependency;
			target = A3E2EA9E251E63C800A4FF4C /* widget14Extension */;
			targetProxy = A3E2EAAD251E63CA00A4FF4C /* PBXContainerItemProxy */;
		};
		B6624DE02055D04800F636B8 /* PBXTargetDependency */ = {
			isa = PBXTargetDependency;
			target = B6624DD52055D04800F636B8 /* widget */;
			targetProxy = B6624DDF2055D04800F636B8 /* PBXContainerItemProxy */;
		};
		B6D0F936222758BF00B3C38A /* PBXTargetDependency */ = {
			isa = PBXTargetDependency;
			target = B6D0F92F222758BF00B3C38A /* UntisApi */;
			targetProxy = B6D0F935222758BF00B3C38A /* PBXContainerItemProxy */;
		};
/* End PBXTargetDependency section */

/* Begin PBXVariantGroup section */
		A3317C35252267E400B77F35 /* widget14.intentdefinition */ = {
			isa = PBXVariantGroup;
			children = (
				A3317C34252267E400B77F35 /* Base */,
			);
			name = widget14.intentdefinition;
			sourceTree = "<group>";
		};
		B6624DDB2055D04800F636B8 /* MainInterface.storyboard */ = {
			isa = PBXVariantGroup;
			children = (
				B6624DDC2055D04800F636B8 /* Base */,
			);
			name = MainInterface.storyboard;
			sourceTree = "<group>";
		};
		B6EE0434203347AB009ABB82 /* LaunchScreen.storyboard */ = {
			isa = PBXVariantGroup;
			children = (
				B6EE0435203347AB009ABB82 /* Base */,
			);
			name = LaunchScreen.storyboard;
			sourceTree = "<group>";
		};
/* End PBXVariantGroup section */

/* Begin XCBuildConfiguration section */
		A3E2EAB0251E63CA00A4FF4C /* Debug */ = {
			isa = XCBuildConfiguration;
			baseConfigurationReference = AFD1798C16D5AE0442685434 /* Pods-widget14Extension.debug.xcconfig */;
			buildSettings = {
				ASSETCATALOG_COMPILER_GLOBAL_ACCENT_COLOR_NAME = AccentColor;
				ASSETCATALOG_COMPILER_WIDGET_BACKGROUND_COLOR_NAME = WidgetBackground;
				CLANG_ENABLE_OBJC_WEAK = YES;
				CLANG_WARN_QUOTED_INCLUDE_IN_FRAMEWORK_HEADER = YES;
				CODE_SIGN_ENTITLEMENTS = widget14Extension.entitlements;
				CODE_SIGN_STYLE = Automatic;
				CURRENT_PROJECT_VERSION = 3;
				DEVELOPMENT_TEAM = DTU24ZP7EY;
				INFOPLIST_FILE = widget14/Info.plist;
				IPHONEOS_DEPLOYMENT_TARGET = 14.0;
				LD_RUNPATH_SEARCH_PATHS = "$(inherited) @executable_path/Frameworks @executable_path/../../Frameworks";
				MARKETING_VERSION = 2.1;
				MTL_ENABLE_DEBUG_INFO = INCLUDE_SOURCE;
				MTL_FAST_MATH = YES;
				PRODUCT_BUNDLE_IDENTIFIER = "com.finnweiler.timetable-iphone.widget14";
				PRODUCT_NAME = "$(TARGET_NAME)";
				SKIP_INSTALL = YES;
				SWIFT_VERSION = 5.0;
				TARGETED_DEVICE_FAMILY = "1,2";
			};
			name = Debug;
		};
		A3E2EAB1251E63CA00A4FF4C /* Release */ = {
			isa = XCBuildConfiguration;
			baseConfigurationReference = 342B26762B1D123E0BB164BE /* Pods-widget14Extension.release.xcconfig */;
			buildSettings = {
				ASSETCATALOG_COMPILER_GLOBAL_ACCENT_COLOR_NAME = AccentColor;
				ASSETCATALOG_COMPILER_WIDGET_BACKGROUND_COLOR_NAME = WidgetBackground;
				CLANG_ENABLE_OBJC_WEAK = YES;
				CLANG_WARN_QUOTED_INCLUDE_IN_FRAMEWORK_HEADER = YES;
				CODE_SIGN_ENTITLEMENTS = widget14Extension.entitlements;
				CODE_SIGN_STYLE = Automatic;
				CURRENT_PROJECT_VERSION = 3;
				DEVELOPMENT_TEAM = DTU24ZP7EY;
				INFOPLIST_FILE = widget14/Info.plist;
				IPHONEOS_DEPLOYMENT_TARGET = 14.0;
				LD_RUNPATH_SEARCH_PATHS = "$(inherited) @executable_path/Frameworks @executable_path/../../Frameworks";
				MARKETING_VERSION = 2.1;
				MTL_FAST_MATH = YES;
				PRODUCT_BUNDLE_IDENTIFIER = "com.finnweiler.timetable-iphone.widget14";
				PRODUCT_NAME = "$(TARGET_NAME)";
				SKIP_INSTALL = YES;
				SWIFT_VERSION = 5.0;
				TARGETED_DEVICE_FAMILY = "1,2";
			};
			name = Release;
		};
		B6624DE32055D04800F636B8 /* Debug */ = {
			isa = XCBuildConfiguration;
			baseConfigurationReference = B5641A37EEC2521CEA9312CC /* Pods-widget.debug.xcconfig */;
			buildSettings = {
				CODE_SIGN_ENTITLEMENTS = widget/widget.entitlements;
				CODE_SIGN_IDENTITY = "iPhone Developer";
				CODE_SIGN_STYLE = Automatic;
				CURRENT_PROJECT_VERSION = 3;
				DEVELOPMENT_TEAM = DTU24ZP7EY;
				INFOPLIST_FILE = widget/Info.plist;
				IPHONEOS_DEPLOYMENT_TARGET = 12.0;
				LD_RUNPATH_SEARCH_PATHS = "$(inherited) @executable_path/Frameworks @executable_path/../../Frameworks";
				MARKETING_VERSION = 2.1;
				PRODUCT_BUNDLE_IDENTIFIER = "com.finnweiler.timetable-iphone.widget";
				PRODUCT_NAME = "$(TARGET_NAME)";
				PROVISIONING_PROFILE_SPECIFIER = "";
				SKIP_INSTALL = YES;
				SWIFT_VERSION = 5.0;
				TARGETED_DEVICE_FAMILY = 1;
			};
			name = Debug;
		};
		B6624DE42055D04800F636B8 /* Release */ = {
			isa = XCBuildConfiguration;
			baseConfigurationReference = 8D9EEC84AFDA2CE43D3874CB /* Pods-widget.release.xcconfig */;
			buildSettings = {
				CODE_SIGN_ENTITLEMENTS = widget/widget.entitlements;
				CODE_SIGN_IDENTITY = "iPhone Developer";
				CODE_SIGN_STYLE = Automatic;
				CURRENT_PROJECT_VERSION = 3;
				DEVELOPMENT_TEAM = DTU24ZP7EY;
				INFOPLIST_FILE = widget/Info.plist;
				IPHONEOS_DEPLOYMENT_TARGET = 12.0;
				LD_RUNPATH_SEARCH_PATHS = "$(inherited) @executable_path/Frameworks @executable_path/../../Frameworks";
				MARKETING_VERSION = 2.1;
				PRODUCT_BUNDLE_IDENTIFIER = "com.finnweiler.timetable-iphone.widget";
				PRODUCT_NAME = "$(TARGET_NAME)";
				PROVISIONING_PROFILE_SPECIFIER = "";
				SKIP_INSTALL = YES;
				SWIFT_VERSION = 5.0;
				TARGETED_DEVICE_FAMILY = 1;
			};
			name = Release;
		};
		B6D0F93A222758BF00B3C38A /* Debug */ = {
			isa = XCBuildConfiguration;
			baseConfigurationReference = 73127D2B5B80877181DE0F6B /* Pods-UntisApi.debug.xcconfig */;
			buildSettings = {
				APPLICATION_EXTENSION_API_ONLY = YES;
				CLANG_ENABLE_OBJC_WEAK = YES;
				CODE_SIGN_IDENTITY = "";
				CODE_SIGN_STYLE = Automatic;
				CURRENT_PROJECT_VERSION = 3;
				DEFINES_MODULE = YES;
				DEVELOPMENT_TEAM = DTU24ZP7EY;
				DYLIB_COMPATIBILITY_VERSION = 1;
				DYLIB_CURRENT_VERSION = 1;
				DYLIB_INSTALL_NAME_BASE = "@rpath";
				INFOPLIST_FILE = UntisApi/Info.plist;
				INSTALL_PATH = "$(LOCAL_LIBRARY_DIR)/Frameworks";
				IPHONEOS_DEPLOYMENT_TARGET = 12.0;
				LD_RUNPATH_SEARCH_PATHS = "$(inherited) @executable_path/Frameworks @loader_path/Frameworks";
				MARKETING_VERSION = 2.1;
				MTL_ENABLE_DEBUG_INFO = INCLUDE_SOURCE;
				MTL_FAST_MATH = YES;
				PRODUCT_BUNDLE_IDENTIFIER = com.finnweiler.UntisApi;
				PRODUCT_NAME = "$(TARGET_NAME:c99extidentifier)";
				SKIP_INSTALL = YES;
				SWIFT_VERSION = 5.0;
				TARGETED_DEVICE_FAMILY = "1,2";
				VERSIONING_SYSTEM = "apple-generic";
				VERSION_INFO_PREFIX = "";
			};
			name = Debug;
		};
		B6D0F93B222758BF00B3C38A /* Release */ = {
			isa = XCBuildConfiguration;
			baseConfigurationReference = 9C176175F6500E4F741C5A9E /* Pods-UntisApi.release.xcconfig */;
			buildSettings = {
				APPLICATION_EXTENSION_API_ONLY = YES;
				CLANG_ENABLE_OBJC_WEAK = YES;
				CODE_SIGN_IDENTITY = "";
				CODE_SIGN_STYLE = Automatic;
				CURRENT_PROJECT_VERSION = 3;
				DEFINES_MODULE = YES;
				DEVELOPMENT_TEAM = DTU24ZP7EY;
				DYLIB_COMPATIBILITY_VERSION = 1;
				DYLIB_CURRENT_VERSION = 1;
				DYLIB_INSTALL_NAME_BASE = "@rpath";
				INFOPLIST_FILE = UntisApi/Info.plist;
				INSTALL_PATH = "$(LOCAL_LIBRARY_DIR)/Frameworks";
				IPHONEOS_DEPLOYMENT_TARGET = 12.0;
				LD_RUNPATH_SEARCH_PATHS = "$(inherited) @executable_path/Frameworks @loader_path/Frameworks";
				MARKETING_VERSION = 2.1;
				MTL_FAST_MATH = YES;
				PRODUCT_BUNDLE_IDENTIFIER = com.finnweiler.UntisApi;
				PRODUCT_NAME = "$(TARGET_NAME:c99extidentifier)";
				SKIP_INSTALL = YES;
				SWIFT_VERSION = 5.0;
				TARGETED_DEVICE_FAMILY = "1,2";
				VERSIONING_SYSTEM = "apple-generic";
				VERSION_INFO_PREFIX = "";
			};
			name = Release;
		};
		B6EE0438203347AB009ABB82 /* Debug */ = {
			isa = XCBuildConfiguration;
			buildSettings = {
				ALWAYS_SEARCH_USER_PATHS = NO;
				CLANG_ANALYZER_NONNULL = YES;
				CLANG_ANALYZER_NUMBER_OBJECT_CONVERSION = YES_AGGRESSIVE;
				CLANG_CXX_LANGUAGE_STANDARD = "gnu++14";
				CLANG_CXX_LIBRARY = "libc++";
				CLANG_ENABLE_MODULES = YES;
				CLANG_ENABLE_OBJC_ARC = YES;
				CLANG_WARN_BLOCK_CAPTURE_AUTORELEASING = YES;
				CLANG_WARN_BOOL_CONVERSION = YES;
				CLANG_WARN_COMMA = YES;
				CLANG_WARN_CONSTANT_CONVERSION = YES;
				CLANG_WARN_DEPRECATED_OBJC_IMPLEMENTATIONS = YES;
				CLANG_WARN_DIRECT_OBJC_ISA_USAGE = YES_ERROR;
				CLANG_WARN_DOCUMENTATION_COMMENTS = YES;
				CLANG_WARN_EMPTY_BODY = YES;
				CLANG_WARN_ENUM_CONVERSION = YES;
				CLANG_WARN_INFINITE_RECURSION = YES;
				CLANG_WARN_INT_CONVERSION = YES;
				CLANG_WARN_NON_LITERAL_NULL_CONVERSION = YES;
				CLANG_WARN_OBJC_IMPLICIT_RETAIN_SELF = YES;
				CLANG_WARN_OBJC_LITERAL_CONVERSION = YES;
				CLANG_WARN_OBJC_ROOT_CLASS = YES_ERROR;
				CLANG_WARN_QUOTED_INCLUDE_IN_FRAMEWORK_HEADER = YES;
				CLANG_WARN_RANGE_LOOP_ANALYSIS = YES;
				CLANG_WARN_STRICT_PROTOTYPES = YES;
				CLANG_WARN_SUSPICIOUS_MOVE = YES;
				CLANG_WARN_UNGUARDED_AVAILABILITY = YES_AGGRESSIVE;
				CLANG_WARN_UNREACHABLE_CODE = YES;
				CLANG_WARN__DUPLICATE_METHOD_MATCH = YES;
				CODE_SIGN_IDENTITY = "iPhone Developer";
				COPY_PHASE_STRIP = NO;
				DEBUG_INFORMATION_FORMAT = dwarf;
				ENABLE_STRICT_OBJC_MSGSEND = YES;
				ENABLE_TESTABILITY = YES;
				GCC_C_LANGUAGE_STANDARD = gnu11;
				GCC_DYNAMIC_NO_PIC = NO;
				GCC_NO_COMMON_BLOCKS = YES;
				GCC_OPTIMIZATION_LEVEL = 0;
				GCC_PREPROCESSOR_DEFINITIONS = (
					"DEBUG=1",
					"$(inherited)",
				);
				GCC_WARN_64_TO_32_BIT_CONVERSION = YES;
				GCC_WARN_ABOUT_RETURN_TYPE = YES_ERROR;
				GCC_WARN_UNDECLARED_SELECTOR = YES;
				GCC_WARN_UNINITIALIZED_AUTOS = YES_AGGRESSIVE;
				GCC_WARN_UNUSED_FUNCTION = YES;
				GCC_WARN_UNUSED_VARIABLE = YES;
				IPHONEOS_DEPLOYMENT_TARGET = 12.0;
				MTL_ENABLE_DEBUG_INFO = YES;
				ONLY_ACTIVE_ARCH = YES;
				SDKROOT = iphoneos;
				SWIFT_ACTIVE_COMPILATION_CONDITIONS = DEBUG;
				SWIFT_OPTIMIZATION_LEVEL = "-Onone";
			};
			name = Debug;
		};
		B6EE0439203347AB009ABB82 /* Release */ = {
			isa = XCBuildConfiguration;
			buildSettings = {
				ALWAYS_SEARCH_USER_PATHS = NO;
				CLANG_ANALYZER_NONNULL = YES;
				CLANG_ANALYZER_NUMBER_OBJECT_CONVERSION = YES_AGGRESSIVE;
				CLANG_CXX_LANGUAGE_STANDARD = "gnu++14";
				CLANG_CXX_LIBRARY = "libc++";
				CLANG_ENABLE_MODULES = YES;
				CLANG_ENABLE_OBJC_ARC = YES;
				CLANG_WARN_BLOCK_CAPTURE_AUTORELEASING = YES;
				CLANG_WARN_BOOL_CONVERSION = YES;
				CLANG_WARN_COMMA = YES;
				CLANG_WARN_CONSTANT_CONVERSION = YES;
				CLANG_WARN_DEPRECATED_OBJC_IMPLEMENTATIONS = YES;
				CLANG_WARN_DIRECT_OBJC_ISA_USAGE = YES_ERROR;
				CLANG_WARN_DOCUMENTATION_COMMENTS = YES;
				CLANG_WARN_EMPTY_BODY = YES;
				CLANG_WARN_ENUM_CONVERSION = YES;
				CLANG_WARN_INFINITE_RECURSION = YES;
				CLANG_WARN_INT_CONVERSION = YES;
				CLANG_WARN_NON_LITERAL_NULL_CONVERSION = YES;
				CLANG_WARN_OBJC_IMPLICIT_RETAIN_SELF = YES;
				CLANG_WARN_OBJC_LITERAL_CONVERSION = YES;
				CLANG_WARN_OBJC_ROOT_CLASS = YES_ERROR;
				CLANG_WARN_QUOTED_INCLUDE_IN_FRAMEWORK_HEADER = YES;
				CLANG_WARN_RANGE_LOOP_ANALYSIS = YES;
				CLANG_WARN_STRICT_PROTOTYPES = YES;
				CLANG_WARN_SUSPICIOUS_MOVE = YES;
				CLANG_WARN_UNGUARDED_AVAILABILITY = YES_AGGRESSIVE;
				CLANG_WARN_UNREACHABLE_CODE = YES;
				CLANG_WARN__DUPLICATE_METHOD_MATCH = YES;
				CODE_SIGN_IDENTITY = "iPhone Developer";
				COPY_PHASE_STRIP = NO;
				DEBUG_INFORMATION_FORMAT = "dwarf-with-dsym";
				ENABLE_NS_ASSERTIONS = NO;
				ENABLE_STRICT_OBJC_MSGSEND = YES;
				GCC_C_LANGUAGE_STANDARD = gnu11;
				GCC_NO_COMMON_BLOCKS = YES;
				GCC_WARN_64_TO_32_BIT_CONVERSION = YES;
				GCC_WARN_ABOUT_RETURN_TYPE = YES_ERROR;
				GCC_WARN_UNDECLARED_SELECTOR = YES;
				GCC_WARN_UNINITIALIZED_AUTOS = YES_AGGRESSIVE;
				GCC_WARN_UNUSED_FUNCTION = YES;
				GCC_WARN_UNUSED_VARIABLE = YES;
				IPHONEOS_DEPLOYMENT_TARGET = 12.0;
				MTL_ENABLE_DEBUG_INFO = NO;
				SDKROOT = iphoneos;
				SWIFT_OPTIMIZATION_LEVEL = "-Owholemodule";
				VALIDATE_PRODUCT = YES;
			};
			name = Release;
		};
		B6EE043B203347AB009ABB82 /* Debug */ = {
			isa = XCBuildConfiguration;
			baseConfigurationReference = 45C54EB3B99634ABD9BEA41A /* Pods-timetable-iphone.debug.xcconfig */;
			buildSettings = {
				ALWAYS_EMBED_SWIFT_STANDARD_LIBRARIES = YES;
				ASSETCATALOG_COMPILER_APPICON_NAME = AppIcon;
				CODE_SIGN_ENTITLEMENTS = "timetable-iphone/timetable-iphone.entitlements";
				CODE_SIGN_STYLE = Automatic;
				CURRENT_PROJECT_VERSION = 3;
				DEVELOPMENT_TEAM = DTU24ZP7EY;
				INFOPLIST_FILE = "timetable-iphone/Info.plist";
				IPHONEOS_DEPLOYMENT_TARGET = 12.0;
				LD_RUNPATH_SEARCH_PATHS = "$(inherited) @executable_path/Frameworks";
				MARKETING_VERSION = 2.1;
				PRODUCT_BUNDLE_IDENTIFIER = "com.finnweiler.timetable-iphone";
				PRODUCT_NAME = "$(TARGET_NAME)";
				SWIFT_VERSION = 5.0;
				TARGETED_DEVICE_FAMILY = 1;
			};
			name = Debug;
		};
		B6EE043C203347AB009ABB82 /* Release */ = {
			isa = XCBuildConfiguration;
			baseConfigurationReference = 881C4B848A7EB8F9F5723886 /* Pods-timetable-iphone.release.xcconfig */;
			buildSettings = {
				ALWAYS_EMBED_SWIFT_STANDARD_LIBRARIES = YES;
				ASSETCATALOG_COMPILER_APPICON_NAME = AppIcon;
				CODE_SIGN_ENTITLEMENTS = "timetable-iphone/timetable-iphone.entitlements";
				CODE_SIGN_STYLE = Automatic;
				CURRENT_PROJECT_VERSION = 3;
				DEVELOPMENT_TEAM = DTU24ZP7EY;
				INFOPLIST_FILE = "timetable-iphone/Info.plist";
				IPHONEOS_DEPLOYMENT_TARGET = 12.0;
				LD_RUNPATH_SEARCH_PATHS = "$(inherited) @executable_path/Frameworks";
				MARKETING_VERSION = 2.1;
				PRODUCT_BUNDLE_IDENTIFIER = "com.finnweiler.timetable-iphone";
				PRODUCT_NAME = "$(TARGET_NAME)";
				SWIFT_VERSION = 5.0;
				TARGETED_DEVICE_FAMILY = 1;
			};
			name = Release;
		};
/* End XCBuildConfiguration section */

/* Begin XCConfigurationList section */
		A3E2EAB2251E63CA00A4FF4C /* Build configuration list for PBXNativeTarget "widget14Extension" */ = {
			isa = XCConfigurationList;
			buildConfigurations = (
				A3E2EAB0251E63CA00A4FF4C /* Debug */,
				A3E2EAB1251E63CA00A4FF4C /* Release */,
			);
			defaultConfigurationIsVisible = 0;
			defaultConfigurationName = Release;
		};
		B6624DE22055D04800F636B8 /* Build configuration list for PBXNativeTarget "widget" */ = {
			isa = XCConfigurationList;
			buildConfigurations = (
				B6624DE32055D04800F636B8 /* Debug */,
				B6624DE42055D04800F636B8 /* Release */,
			);
			defaultConfigurationIsVisible = 0;
			defaultConfigurationName = Release;
		};
		B6D0F939222758BF00B3C38A /* Build configuration list for PBXNativeTarget "UntisApi" */ = {
			isa = XCConfigurationList;
			buildConfigurations = (
				B6D0F93A222758BF00B3C38A /* Debug */,
				B6D0F93B222758BF00B3C38A /* Release */,
			);
			defaultConfigurationIsVisible = 0;
			defaultConfigurationName = Release;
		};
		B6EE0420203347AB009ABB82 /* Build configuration list for PBXProject "timetable-iphone" */ = {
			isa = XCConfigurationList;
			buildConfigurations = (
				B6EE0438203347AB009ABB82 /* Debug */,
				B6EE0439203347AB009ABB82 /* Release */,
			);
			defaultConfigurationIsVisible = 0;
			defaultConfigurationName = Release;
		};
		B6EE043A203347AB009ABB82 /* Build configuration list for PBXNativeTarget "timetable-iphone" */ = {
			isa = XCConfigurationList;
			buildConfigurations = (
				B6EE043B203347AB009ABB82 /* Debug */,
				B6EE043C203347AB009ABB82 /* Release */,
			);
			defaultConfigurationIsVisible = 0;
			defaultConfigurationName = Release;
		};
/* End XCConfigurationList section */

/* Begin XCVersionGroup section */
		B6EE042F203347AB009ABB82 /* timetable_iphone.xcdatamodeld */ = {
			isa = XCVersionGroup;
			children = (
				B6EE0430203347AB009ABB82 /* timetable_iphone.xcdatamodel */,
			);
			currentVersion = B6EE0430203347AB009ABB82 /* timetable_iphone.xcdatamodel */;
			path = timetable_iphone.xcdatamodeld;
			sourceTree = "<group>";
			versionGroupType = wrapper.xcdatamodel;
		};
/* End XCVersionGroup section */
	};
	rootObject = B6EE041D203347AB009ABB82 /* Project object */;
}
